
Microsoft Visual Studio Solution File, Format Version 12.00
# Visual Studio Version 16
VisualStudioVersion = 16.0.30611.23
MinimumVisualStudioVersion = 10.0.40219.1
Project("{FAE04EC0-301F-11D3-BF4B-00C04F79EFBC}") = "Kalkulator", "Kalkulator\Kalkulator.csproj", "{78D79A04-9F05-4428-89DB-CA63E8561482}"
EndProject
Global
	GlobalSection(SolutionConfigurationPlatforms) = preSolution
		Debug|Any CPU = Debug|Any CPU
		Release|Any CPU = Release|Any CPU
	EndGlobalSection
	GlobalSection(ProjectConfigurationPlatforms) = postSolution
		{78D79A04-9F05-4428-89DB-CA63E8561482}.Debug|Any CPU.ActiveCfg = Debug|Any CPU
		{78D79A04-9F05-4428-89DB-CA63E8561482}.Debug|Any CPU.Build.0 = Debug|Any CPU
		{78D79A04-9F05-4428-89DB-CA63E8561482}.Release|Any CPU.ActiveCfg = Release|Any CPU
		{78D79A04-9F05-4428-89DB-CA63E8561482}.Release|Any CPU.Build.0 = Release|Any CPU
	EndGlobalSection
	GlobalSection(SolutionProperties) = preSolution
		HideSolutionNode = FALSE
	EndGlobalSection
	GlobalSection(ExtensibilityGlobals) = postSolution
		SolutionGuid = {737B89B1-A366-49CD-ADD3-5CA6383A9F4A}
	EndGlobalSection
EndGlobal
